
Microsoft Visual Studio Solution File, Format Version 12.00
# Visual Studio Version 16
VisualStudioVersion = 16.0.32802.440
MinimumVisualStudioVersion = 10.0.40219.1
Project("{FAE04EC0-301F-11D3-BF4B-00C04F79EFBC}") = "Ex04.Menus.Delegates", "Ex04.Menus.Delegates\Ex04.Menus.Delegates.csproj", "{9E409F5B-37CB-4B8B-B555-179B80149D4B}"
EndProject
Project("{FAE04EC0-301F-11D3-BF4B-00C04F79EFBC}") = "Ex04.Menus.Interfaces", "Ex04.Menus.Interfaces\Ex04.Menus.Interfaces.csproj", "{D7697773-7BE8-4E82-AF64-610A12F5751E}"
EndProject
Project("{FAE04EC0-301F-11D3-BF4B-00C04F79EFBC}") = "Ex04.Menus.Test", "Ex04.Menus.Test\Ex04.Menus.Test.csproj", "{D0CCC845-68DE-4CA9-B284-6F521715D198}"
EndProject
Global
	GlobalSection(SolutionConfigurationPlatforms) = preSolution
		Debug|Any CPU = Debug|Any CPU
		Release|Any CPU = Release|Any CPU
	EndGlobalSection
	GlobalSection(ProjectConfigurationPlatforms) = postSolution
		{9E409F5B-37CB-4B8B-B555-179B80149D4B}.Debug|Any CPU.ActiveCfg = Debug|Any CPU
		{9E409F5B-37CB-4B8B-B555-179B80149D4B}.Debug|Any CPU.Build.0 = Debug|Any CPU
		{9E409F5B-37CB-4B8B-B555-179B80149D4B}.Release|Any CPU.ActiveCfg = Release|Any CPU
		{9E409F5B-37CB-4B8B-B555-179B80149D4B}.Release|Any CPU.Build.0 = Release|Any CPU
		{D7697773-7BE8-4E82-AF64-610A12F5751E}.Debug|Any CPU.ActiveCfg = Debug|Any CPU
		{D7697773-7BE8-4E82-AF64-610A12F5751E}.Debug|Any CPU.Build.0 = Debug|Any CPU
		{D7697773-7BE8-4E82-AF64-610A12F5751E}.Release|Any CPU.ActiveCfg = Release|Any CPU
		{D7697773-7BE8-4E82-AF64-610A12F5751E}.Release|Any CPU.Build.0 = Release|Any CPU
		{D0CCC845-68DE-4CA9-B284-6F521715D198}.Debug|Any CPU.ActiveCfg = Debug|Any CPU
		{D0CCC845-68DE-4CA9-B284-6F521715D198}.Debug|Any CPU.Build.0 = Debug|Any CPU
		{D0CCC845-68DE-4CA9-B284-6F521715D198}.Release|Any CPU.ActiveCfg = Release|Any CPU
		{D0CCC845-68DE-4CA9-B284-6F521715D198}.Release|Any CPU.Build.0 = Release|Any CPU
	EndGlobalSection
	GlobalSection(SolutionProperties) = preSolution
		HideSolutionNode = FALSE
	EndGlobalSection
	GlobalSection(ExtensibilityGlobals) = postSolution
		SolutionGuid = {78ABDB7F-2D36-43F5-83B3-54B3165D0121}
	EndGlobalSection
EndGlobal
